{
  "name": "uptask",
  "lockfileVersion": 3,
  "requires": true,
  "packages": {
    "": {
      "dependencies": {
        "@tanstack/react-devtools": "^0.3.0"
      }
    },
    "node_modules/@solid-primitives/event-listener": {
      "version": "2.4.3",
      "resolved": "https://registry.npmjs.org/@solid-primitives/event-listener/-/event-listener-2.4.3.tgz",
      "integrity": "sha512-h4VqkYFv6Gf+L7SQj+Y6puigL/5DIi7x5q07VZET7AWcS+9/G3WfIE9WheniHWJs51OEkRB43w6lDys5YeFceg==",
      "dependencies": {
        "@solid-primitives/utils": "^6.3.2"
      },
      "peerDependencies": {
        "solid-js": "^1.6.12"
      }
    },
    "node_modules/@solid-primitives/keyboard": {
      "version": "1.3.3",
      "resolved": "https://registry.npmjs.org/@solid-primitives/keyboard/-/keyboard-1.3.3.tgz",
      "integrity": "sha512-9dQHTTgLBqyAI7aavtO+HnpTVJgWQA1ghBSrmLtMu1SMxLPDuLfuNr+Tk5udb4AL4Ojg7h9JrKOGEEDqsJXWJA==",
      "dependencies": {
        "@solid-primitives/event-listener": "^2.4.3",
        "@solid-primitives/rootless": "^1.5.2",
        "@solid-primitives/utils": "^6.3.2"
      },
      "peerDependencies": {
        "solid-js": "^1.6.12"
      }
    },
    "node_modules/@solid-primitives/rootless": {
      "version": "1.5.2",
      "resolved": "https://registry.npmjs.org/@solid-primitives/rootless/-/rootless-1.5.2.tgz",
      "integrity": "sha512-9HULb0QAzL2r47CCad0M+NKFtQ+LrGGNHZfteX/ThdGvKIg2o2GYhBooZubTCd/RTu2l2+Nw4s+dEfiDGvdrrQ==",
      "dependencies": {
        "@solid-primitives/utils": "^6.3.2"
      },
      "peerDependencies": {
        "solid-js": "^1.6.12"
      }
    },
    "node_modules/@solid-primitives/utils": {
      "version": "6.3.2",
      "resolved": "https://registry.npmjs.org/@solid-primitives/utils/-/utils-6.3.2.tgz",
      "integrity": "sha512-hZ/M/qr25QOCcwDPOHtGjxTD8w2mNyVAYvcfgwzBHq2RwNqHNdDNsMZYap20+ruRwW4A3Cdkczyoz0TSxLCAPQ==",
      "peerDependencies": {
        "solid-js": "^1.6.12"
      }
    },
    "node_modules/@tanstack/devtools": {
      "version": "0.3.1",
      "resolved": "https://registry.npmjs.org/@tanstack/devtools/-/devtools-0.3.1.tgz",
      "integrity": "sha512-dqUpPbB4CWvNsXEOyS0H/6elp/QVetvHz3f51B96zl+b5294gUjGwSMI4eNVrmBQPPmqkdkeGsbbkgrlJ1VhNQ==",
      "dependencies": {
        "@solid-primitives/keyboard": "^1.2.8",
        "@tanstack/devtools-event-bus": "0.2.1",
        "@tanstack/devtools-ui": "0.3.0",
        "clsx": "^2.1.1",
        "goober": "^2.1.16",
        "solid-js": "^1.9.7"
      },
      "engines": {
        "node": ">=18"
      },
      "funding": {
        "type": "github",
        "url": "https://github.com/sponsors/tannerlinsley"
      },
      "peerDependencies": {
        "solid-js": ">=1.9.7"
      }
    },
    "node_modules/@tanstack/devtools-event-bus": {
      "version": "0.2.1",
      "resolved": "https://registry.npmjs.org/@tanstack/devtools-event-bus/-/devtools-event-bus-0.2.1.tgz",
      "integrity": "sha512-JMq3AmrQR2LH9P8Rcj1MTq8Iq/mPk/PyuqSw1L0hO2Wl8G1oz5ue31fS8u8lIgOCVR/mGdJah18p+Pj5OosRJA==",
      "dependencies": {
        "ws": "^8.18.3"
      },
      "engines": {
        "node": ">=18"
      },
      "funding": {
        "type": "github",
        "url": "https://github.com/sponsors/tannerlinsley"
      }
    },
    "node_modules/@tanstack/devtools-ui": {
      "version": "0.3.0",
      "resolved": "https://registry.npmjs.org/@tanstack/devtools-ui/-/devtools-ui-0.3.0.tgz",
      "integrity": "sha512-lyP0eM6juIWn8zgI8xI32Lh86gCnjUyNePE9F7Bfgkv5taILmmJAHW5Mme4T2ufv7L8NLwOiBY/bZYnP4zev0w==",
      "dependencies": {
        "goober": "^2.1.16",
        "solid-js": "^1.9.7"
      },
      "engines": {
        "node": ">=18"
      },
      "funding": {
        "type": "github",
        "url": "https://github.com/sponsors/tannerlinsley"
      },
      "peerDependencies": {
        "solid-js": ">=1.9.7"
      }
    },
    "node_modules/@tanstack/react-devtools": {
      "version": "0.3.0",
      "resolved": "https://registry.npmjs.org/@tanstack/react-devtools/-/react-devtools-0.3.0.tgz",
      "integrity": "sha512-16Bfxdb6lxekwY1Nl7UOzfKAIqSB2kw1neX5WUFa1g2SIZLyb3gYiSn1a42RaiJaZOAuHBOxhmad8ZBsetMumQ==",
      "dependencies": {
        "@tanstack/devtools": "0.3.1"
      },
      "engines": {
        "node": ">=18"
      },
      "funding": {
        "type": "github",
        "url": "https://github.com/sponsors/tannerlinsley"
      },
      "peerDependencies": {
        "@types/react": ">=16.8",
        "@types/react-dom": ">=16.8",
        "react": ">=16.8",
        "react-dom": ">=16.8"
      }
    },
    "node_modules/@types/react": {
      "version": "19.1.10",
      "resolved": "https://registry.npmjs.org/@types/react/-/react-19.1.10.tgz",
      "integrity": "sha512-EhBeSYX0Y6ye8pNebpKrwFJq7BoQ8J5SO6NlvNwwHjSj6adXJViPQrKlsyPw7hLBLvckEMO1yxeGdR82YBBlDg==",
      "peer": true,
      "dependencies": {
        "csstype": "^3.0.2"
      }
    },
    "node_modules/@types/react-dom": {
      "version": "19.1.7",
      "resolved": "https://registry.npmjs.org/@types/react-dom/-/react-dom-19.1.7.tgz",
      "integrity": "sha512-i5ZzwYpqjmrKenzkoLM2Ibzt6mAsM7pxB6BCIouEVVmgiqaMj1TjaK7hnA36hbW5aZv20kx7Lw6hWzPWg0Rurw==",
      "peer": true,
      "peerDependencies": {
        "@types/react": "^19.0.0"
      }
    },
    "node_modules/clsx": {
      "version": "2.1.1",
      "resolved": "https://registry.npmjs.org/clsx/-/clsx-2.1.1.tgz",
      "integrity": "sha512-eYm0QWBtUrBWZWG0d386OGAw16Z995PiOVo2B7bjWSbHedGl5e0ZWaq65kOGgUSNesEIDkB9ISbTg/JK9dhCZA==",
      "engines": {
        "node": ">=6"
      }
    },
    "node_modules/csstype": {
      "version": "3.1.3",
      "resolved": "https://registry.npmjs.org/csstype/-/csstype-3.1.3.tgz",
      "integrity": "sha512-M1uQkMl8rQK/szD0LNhtqxIPLpimGm8sOBwU7lLnCpSbTyY3yeU1Vc7l4KT5zT4s/yOxHH5O7tIuuLOCnLADRw=="
    },
    "node_modules/goober": {
      "version": "2.1.16",
      "resolved": "https://registry.npmjs.org/goober/-/goober-2.1.16.tgz",
      "integrity": "sha512-erjk19y1U33+XAMe1VTvIONHYoSqE4iS7BYUZfHaqeohLmnC0FdxEh7rQU+6MZ4OajItzjZFSRtVANrQwNq6/g==",
      "peerDependencies": {
        "csstype": "^3.0.10"
      }
    },
    "node_modules/react": {
      "version": "19.1.1",
      "resolved": "https://registry.npmjs.org/react/-/react-19.1.1.tgz",
      "integrity": "sha512-w8nqGImo45dmMIfljjMwOGtbmC/mk4CMYhWIicdSflH91J9TyCyczcPFXJzrZ/ZXcgGRFeP6BU0BEJTw6tZdfQ==",
      "peer": true,
      "engines": {
        "node": ">=0.10.0"
      }
    },
    "node_modules/react-dom": {
      "version": "19.1.1",
      "resolved": "https://registry.npmjs.org/react-dom/-/react-dom-19.1.1.tgz",
      "integrity": "sha512-Dlq/5LAZgF0Gaz6yiqZCf6VCcZs1ghAJyrsu84Q/GT0gV+mCxbfmKNoGRKBYMJ8IEdGPqu49YWXD02GCknEDkw==",
      "peer": true,
      "dependencies": {
        "scheduler": "^0.26.0"
      },
      "peerDependencies": {
        "react": "^19.1.1"
      }
    },
    "node_modules/scheduler": {
      "version": "0.26.0",
      "resolved": "https://registry.npmjs.org/scheduler/-/scheduler-0.26.0.tgz",
      "integrity": "sha512-NlHwttCI/l5gCPR3D1nNXtWABUmBwvZpEQiD4IXSbIDq8BzLIK/7Ir5gTFSGZDUu37K5cMNp0hFtzO38sC7gWA==",
      "peer": true
    },
    "node_modules/seroval": {
      "version": "1.3.2",
      "resolved": "https://registry.npmjs.org/seroval/-/seroval-1.3.2.tgz",
      "integrity": "sha512-RbcPH1n5cfwKrru7v7+zrZvjLurgHhGyso3HTyGtRivGWgYjbOmGuivCQaORNELjNONoK35nj28EoWul9sb1zQ==",
      "engines": {
        "node": ">=10"
      }
    },
    "node_modules/seroval-plugins": {
      "version": "1.3.2",
      "resolved": "https://registry.npmjs.org/seroval-plugins/-/seroval-plugins-1.3.2.tgz",
      "integrity": "sha512-0QvCV2lM3aj/U3YozDiVwx9zpH0q8A60CTWIv4Jszj/givcudPb48B+rkU5D51NJ0pTpweGMttHjboPa9/zoIQ==",
      "engines": {
        "node": ">=10"
      },
      "peerDependencies": {
        "seroval": "^1.0"
      }
    },
    "node_modules/solid-js": {
      "version": "1.9.9",
      "resolved": "https://registry.npmjs.org/solid-js/-/solid-js-1.9.9.tgz",
      "integrity": "sha512-A0ZBPJQldAeGCTW0YRYJmt7RCeh5rbFfPZ2aOttgYnctHE7HgKeHCBB/PVc2P7eOfmNXqMFFFoYYdm3S4dcbkA==",
      "dependencies": {
        "csstype": "^3.1.0",
        "seroval": "~1.3.0",
        "seroval-plugins": "~1.3.0"
      }
    },
    "node_modules/ws": {
      "version": "8.18.3",
      "resolved": "https://registry.npmjs.org/ws/-/ws-8.18.3.tgz",
      "integrity": "sha512-PEIGCY5tSlUt50cqyMXfCzX+oOPqN0vuGqWzbcJ2xvnkzkq46oOpz7dQaTDBdfICb4N14+GARUDw2XV2N4tvzg==",
      "engines": {
        "node": ">=10.0.0"
      },
      "peerDependencies": {
        "bufferutil": "^4.0.1",
        "utf-8-validate": ">=5.0.2"
      },
      "peerDependenciesMeta": {
        "bufferutil": {
          "optional": true
        },
        "utf-8-validate": {
          "optional": true
        }
      }
    }
  }
}
